{
  "nodes": {
    "nixpkgs": {
      "locked": {
        "lastModified": 1704328970,
        "narHash": "sha256-2GdDL+tqDeb7efnnbn83UXqDWJHNpA/Q2WPR4Hs3eFY=",
        "owner": "NixOS",
        "repo": "nixpkgs",
        "rev": "e6c4e766e523b86a74eae7b1dbc64795e3aa3041",
        "type": "github"
      },
      "original": {
        "owner": "NixOS",
        "ref": "release-23.11",
        "repo": "nixpkgs",
        "type": "github"
      }
    },
    "root": {
      "inputs": {
        "nixpkgs": "nixpkgs"
      }
    }
  },
  "root": "root",
  "version": 7
}
